
Microsoft Visual Studio Solution File, Format Version 12.00
# Visual Studio Version 17
VisualStudioVersion = 17.14.36623.8 d17.14
MinimumVisualStudioVersion = 10.0.40219.1
Project("{FAE04EC0-301F-11D3-BF4B-00C04F79EFBC}") = "product_inventory_manager", "product_inventory_manager\product_inventory_manager.csproj", "{CA66EDC3-6C57-4D4E-9008-DB32D79A9AEC}"
EndProject
Global
	GlobalSection(SolutionConfigurationPlatforms) = preSolution
		Debug|Any CPU = Debug|Any CPU
		Release|Any CPU = Release|Any CPU
	EndGlobalSection
	GlobalSection(ProjectConfigurationPlatforms) = postSolution
		{CA66EDC3-6C57-4D4E-9008-DB32D79A9AEC}.Debug|Any CPU.ActiveCfg = Debug|Any CPU
		{CA66EDC3-6C57-4D4E-9008-DB32D79A9AEC}.Debug|Any CPU.Build.0 = Debug|Any CPU
		{CA66EDC3-6C57-4D4E-9008-DB32D79A9AEC}.Release|Any CPU.ActiveCfg = Release|Any CPU
		{CA66EDC3-6C57-4D4E-9008-DB32D79A9AEC}.Release|Any CPU.Build.0 = Release|Any CPU
	EndGlobalSection
	GlobalSection(SolutionProperties) = preSolution
		HideSolutionNode = FALSE
	EndGlobalSection
	GlobalSection(ExtensibilityGlobals) = postSolution
		SolutionGuid = {FED8507F-781C-4333-9B8A-3E2A5241BA99}
	EndGlobalSection
EndGlobal
